
Microsoft Visual Studio Solution File, Format Version 12.00
# Visual Studio 15
VisualStudioVersion = 15.0.27004.2002
MinimumVisualStudioVersion = 10.0.40219.1
Project("{9A19103F-16F7-4668-BE54-9A1E7A4F7556}") = "BalancedScorecard.Api", "BalancedScorecard\BalancedScorecard.Api.csproj", "{5366ECA0-FC1F-4C5C-9284-085736345EF1}"
EndProject
Project("{9A19103F-16F7-4668-BE54-9A1E7A4F7556}") = "BalancedScorecard.Application", "BalancedScorecard.Application\BalancedScorecard.Application.csproj", "{663D0B64-00E7-4F43-9799-D88A5B2D14CF}"
EndProject
Project("{9A19103F-16F7-4668-BE54-9A1E7A4F7556}") = "BalancedScorecard.Domain", "BalancedScorecard.Domain\BalancedScorecard.Domain.csproj", "{2F187275-43E1-48E9-AA8F-B49A73F04B34}"
EndProject
Project("{9A19103F-16F7-4668-BE54-9A1E7A4F7556}") = "BalancedScorecard.Kernel", "BalancedScorecard.Kernel\BalancedScorecard.Kernel.csproj", "{9C1780B1-24A7-49F9-B931-793234A81385}"
EndProject
Project("{FAE04EC0-301F-11D3-BF4B-00C04F79EFBC}") = "BalancedScorecard.Infrastructure.Persistence", "BalancedScorecard.Infrastructure.Persistence\BalancedScorecard.Infrastructure.Persistence.csproj", "{8FEC3C82-9559-4A01-B941-DA4C4FFD474F}"
EndProject
Global
	GlobalSection(SolutionConfigurationPlatforms) = preSolution
		Debug|Any CPU = Debug|Any CPU
		Release|Any CPU = Release|Any CPU
	EndGlobalSection
	GlobalSection(ProjectConfigurationPlatforms) = postSolution
		{5366ECA0-FC1F-4C5C-9284-085736345EF1}.Debug|Any CPU.ActiveCfg = Debug|Any CPU
		{5366ECA0-FC1F-4C5C-9284-085736345EF1}.Debug|Any CPU.Build.0 = Debug|Any CPU
		{5366ECA0-FC1F-4C5C-9284-085736345EF1}.Release|Any CPU.ActiveCfg = Release|Any CPU
		{5366ECA0-FC1F-4C5C-9284-085736345EF1}.Release|Any CPU.Build.0 = Release|Any CPU
		{663D0B64-00E7-4F43-9799-D88A5B2D14CF}.Debug|Any CPU.ActiveCfg = Debug|Any CPU
		{663D0B64-00E7-4F43-9799-D88A5B2D14CF}.Debug|Any CPU.Build.0 = Debug|Any CPU
		{663D0B64-00E7-4F43-9799-D88A5B2D14CF}.Release|Any CPU.ActiveCfg = Release|Any CPU
		{663D0B64-00E7-4F43-9799-D88A5B2D14CF}.Release|Any CPU.Build.0 = Release|Any CPU
		{2F187275-43E1-48E9-AA8F-B49A73F04B34}.Debug|Any CPU.ActiveCfg = Debug|Any CPU
		{2F187275-43E1-48E9-AA8F-B49A73F04B34}.Debug|Any CPU.Build.0 = Debug|Any CPU
		{2F187275-43E1-48E9-AA8F-B49A73F04B34}.Release|Any CPU.ActiveCfg = Release|Any CPU
		{2F187275-43E1-48E9-AA8F-B49A73F04B34}.Release|Any CPU.Build.0 = Release|Any CPU
		{9C1780B1-24A7-49F9-B931-793234A81385}.Debug|Any CPU.ActiveCfg = Debug|Any CPU
		{9C1780B1-24A7-49F9-B931-793234A81385}.Debug|Any CPU.Build.0 = Debug|Any CPU
		{9C1780B1-24A7-49F9-B931-793234A81385}.Release|Any CPU.ActiveCfg = Release|Any CPU
		{9C1780B1-24A7-49F9-B931-793234A81385}.Release|Any CPU.Build.0 = Release|Any CPU
		{8FEC3C82-9559-4A01-B941-DA4C4FFD474F}.Debug|Any CPU.ActiveCfg = Debug|Any CPU
		{8FEC3C82-9559-4A01-B941-DA4C4FFD474F}.Debug|Any CPU.Build.0 = Debug|Any CPU
		{8FEC3C82-9559-4A01-B941-DA4C4FFD474F}.Release|Any CPU.ActiveCfg = Release|Any CPU
		{8FEC3C82-9559-4A01-B941-DA4C4FFD474F}.Release|Any CPU.Build.0 = Release|Any CPU
	EndGlobalSection
	GlobalSection(SolutionProperties) = preSolution
		HideSolutionNode = FALSE
	EndGlobalSection
	GlobalSection(ExtensibilityGlobals) = postSolution
		SolutionGuid = {5C674417-0EB1-4B64-BB34-8A842F016076}
	EndGlobalSection
EndGlobal
