
Microsoft Visual Studio Solution File, Format Version 12.00
# Visual Studio 15
VisualStudioVersion = 15.0.26430.6
MinimumVisualStudioVersion = 10.0.40219.1
Project("{FAE04EC0-301F-11D3-BF4B-00C04F79EFBC}") = "RGM.BalancedScorecard.Domain", "RGM.BalancedScorecard.Domain\RGM.BalancedScorecard.Domain.csproj", "{6A01EAF5-9602-49B4-9B9B-9EE7A920E58E}"
EndProject
Project("{FAE04EC0-301F-11D3-BF4B-00C04F79EFBC}") = "RGM.BalancedScorecard.Application", "RGM.BalancedScorecard.Application\RGM.BalancedScorecard.Application.csproj", "{8F5D3055-9D47-4FF1-BCA7-36F90869C24F}"
EndProject
Project("{FAE04EC0-301F-11D3-BF4B-00C04F79EFBC}") = "RGM.BalancedScorecard.Kernel", "RGM.BalancedScorecard.Kernel\RGM.BalancedScorecard.Kernel.csproj", "{3602207A-4127-44A9-AD4B-AC104855C4E4}"
EndProject
Project("{FAE04EC0-301F-11D3-BF4B-00C04F79EFBC}") = "RGM.BalancedScorecard.Api", "RGM.BalancedScorecard.Api\RGM.BalancedScorecard.Api.csproj", "{D721561F-3B99-4B16-9A2F-70E3AF9F4270}"
EndProject
Project("{FAE04EC0-301F-11D3-BF4B-00C04F79EFBC}") = "RGM.BalancedScorecard.Infrastructure.WriteDb", "RGM.BalancedScorecard.Infrastructure.WriteDb\RGM.BalancedScorecard.Infrastructure.WriteDb.csproj", "{25ECD8FA-DDD9-486F-9B44-5A67D62320E2}"
EndProject
Project("{2150E333-8FDC-42A3-9474-1A3956D46DE8}") = "src", "src", "{15DF7C69-FDC6-4739-A4CD-BB791F13B8CE}"
EndProject
Project("{2150E333-8FDC-42A3-9474-1A3956D46DE8}") = "db", "db", "{9124588C-DD0A-4DBD-A968-3BF2A8E3BCCC}"
EndProject
Project("{FAE04EC0-301F-11D3-BF4B-00C04F79EFBC}") = "RGM.BalancedScorecard.Infrastructure.ReadDb", "RGM.BalancedScorecard.Infrastructure.ReadDb\RGM.BalancedScorecard.Infrastructure.ReadDb.csproj", "{E277EC05-8DEB-45AC-9C0C-7CC2C97A016C}"
EndProject
Project("{FAE04EC0-301F-11D3-BF4B-00C04F79EFBC}") = "RGM.BalancedScorecard.Query", "RGM.BalancedScorecard.Query\RGM.BalancedScorecard.Query.csproj", "{8C4C79AF-D844-4E08-A103-3EF7591CFC8C}"
EndProject
Project("{00D1A9C2-B5F0-4AF3-8072-F6C62B433612}") = "RGM.BalancedScorecard.Database", "RGM.BalancedScorecard.Database\RGM.BalancedScorecard.Database.sqlproj", "{E12CE457-3C84-4FB6-8D0E-36E364564243}"
EndProject
Project("{FAE04EC0-301F-11D3-BF4B-00C04F79EFBC}") = "RGM.BalancedScorecard.MessageProcessor", "RGM.BalancedScorecard.MessageProcessor\RGM.BalancedScorecard.MessageProcessor.csproj", "{F0F7DA4B-7556-4F85-BAB5-75FE66013864}"
EndProject
Project("{2150E333-8FDC-42A3-9474-1A3956D46DE8}") = "test", "test", "{A8EB5C2D-D7A6-4529-97E3-9E91B5B8FAE5}"
EndProject
Project("{FAE04EC0-301F-11D3-BF4B-00C04F79EFBC}") = "RGM.BalancedScorecard.EventProcessor", "RGM.BalancedScorecard.EventProcessor\RGM.BalancedScorecard.EventProcessor.csproj", "{FC2866CB-D8C3-444B-A70D-9070F30AF9AA}"
EndProject
Global
	GlobalSection(SolutionConfigurationPlatforms) = preSolution
		Debug|Any CPU = Debug|Any CPU
		Release|Any CPU = Release|Any CPU
	EndGlobalSection
	GlobalSection(ProjectConfigurationPlatforms) = postSolution
		{6A01EAF5-9602-49B4-9B9B-9EE7A920E58E}.Debug|Any CPU.ActiveCfg = Debug|Any CPU
		{6A01EAF5-9602-49B4-9B9B-9EE7A920E58E}.Debug|Any CPU.Build.0 = Debug|Any CPU
		{6A01EAF5-9602-49B4-9B9B-9EE7A920E58E}.Release|Any CPU.ActiveCfg = Release|Any CPU
		{6A01EAF5-9602-49B4-9B9B-9EE7A920E58E}.Release|Any CPU.Build.0 = Release|Any CPU
		{8F5D3055-9D47-4FF1-BCA7-36F90869C24F}.Debug|Any CPU.ActiveCfg = Debug|Any CPU
		{8F5D3055-9D47-4FF1-BCA7-36F90869C24F}.Debug|Any CPU.Build.0 = Debug|Any CPU
		{8F5D3055-9D47-4FF1-BCA7-36F90869C24F}.Release|Any CPU.ActiveCfg = Release|Any CPU
		{8F5D3055-9D47-4FF1-BCA7-36F90869C24F}.Release|Any CPU.Build.0 = Release|Any CPU
		{3602207A-4127-44A9-AD4B-AC104855C4E4}.Debug|Any CPU.ActiveCfg = Debug|Any CPU
		{3602207A-4127-44A9-AD4B-AC104855C4E4}.Debug|Any CPU.Build.0 = Debug|Any CPU
		{3602207A-4127-44A9-AD4B-AC104855C4E4}.Release|Any CPU.ActiveCfg = Release|Any CPU
		{3602207A-4127-44A9-AD4B-AC104855C4E4}.Release|Any CPU.Build.0 = Release|Any CPU
		{D721561F-3B99-4B16-9A2F-70E3AF9F4270}.Debug|Any CPU.ActiveCfg = Debug|Any CPU
		{D721561F-3B99-4B16-9A2F-70E3AF9F4270}.Debug|Any CPU.Build.0 = Debug|Any CPU
		{D721561F-3B99-4B16-9A2F-70E3AF9F4270}.Release|Any CPU.ActiveCfg = Release|Any CPU
		{D721561F-3B99-4B16-9A2F-70E3AF9F4270}.Release|Any CPU.Build.0 = Release|Any CPU
		{25ECD8FA-DDD9-486F-9B44-5A67D62320E2}.Debug|Any CPU.ActiveCfg = Debug|Any CPU
		{25ECD8FA-DDD9-486F-9B44-5A67D62320E2}.Debug|Any CPU.Build.0 = Debug|Any CPU
		{25ECD8FA-DDD9-486F-9B44-5A67D62320E2}.Release|Any CPU.ActiveCfg = Release|Any CPU
		{25ECD8FA-DDD9-486F-9B44-5A67D62320E2}.Release|Any CPU.Build.0 = Release|Any CPU
		{E277EC05-8DEB-45AC-9C0C-7CC2C97A016C}.Debug|Any CPU.ActiveCfg = Debug|Any CPU
		{E277EC05-8DEB-45AC-9C0C-7CC2C97A016C}.Debug|Any CPU.Build.0 = Debug|Any CPU
		{E277EC05-8DEB-45AC-9C0C-7CC2C97A016C}.Release|Any CPU.ActiveCfg = Release|Any CPU
		{E277EC05-8DEB-45AC-9C0C-7CC2C97A016C}.Release|Any CPU.Build.0 = Release|Any CPU
		{8C4C79AF-D844-4E08-A103-3EF7591CFC8C}.Debug|Any CPU.ActiveCfg = Debug|Any CPU
		{8C4C79AF-D844-4E08-A103-3EF7591CFC8C}.Debug|Any CPU.Build.0 = Debug|Any CPU
		{8C4C79AF-D844-4E08-A103-3EF7591CFC8C}.Release|Any CPU.ActiveCfg = Release|Any CPU
		{8C4C79AF-D844-4E08-A103-3EF7591CFC8C}.Release|Any CPU.Build.0 = Release|Any CPU
		{E12CE457-3C84-4FB6-8D0E-36E364564243}.Debug|Any CPU.ActiveCfg = Debug|Any CPU
		{E12CE457-3C84-4FB6-8D0E-36E364564243}.Debug|Any CPU.Build.0 = Debug|Any CPU
		{E12CE457-3C84-4FB6-8D0E-36E364564243}.Debug|Any CPU.Deploy.0 = Debug|Any CPU
		{E12CE457-3C84-4FB6-8D0E-36E364564243}.Release|Any CPU.ActiveCfg = Release|Any CPU
		{E12CE457-3C84-4FB6-8D0E-36E364564243}.Release|Any CPU.Build.0 = Release|Any CPU
		{E12CE457-3C84-4FB6-8D0E-36E364564243}.Release|Any CPU.Deploy.0 = Release|Any CPU
		{F0F7DA4B-7556-4F85-BAB5-75FE66013864}.Debug|Any CPU.ActiveCfg = Debug|Any CPU
		{F0F7DA4B-7556-4F85-BAB5-75FE66013864}.Debug|Any CPU.Build.0 = Debug|Any CPU
		{F0F7DA4B-7556-4F85-BAB5-75FE66013864}.Release|Any CPU.ActiveCfg = Release|Any CPU
		{F0F7DA4B-7556-4F85-BAB5-75FE66013864}.Release|Any CPU.Build.0 = Release|Any CPU
		{FC2866CB-D8C3-444B-A70D-9070F30AF9AA}.Debug|Any CPU.ActiveCfg = Debug|Any CPU
		{FC2866CB-D8C3-444B-A70D-9070F30AF9AA}.Debug|Any CPU.Build.0 = Debug|Any CPU
		{FC2866CB-D8C3-444B-A70D-9070F30AF9AA}.Release|Any CPU.ActiveCfg = Release|Any CPU
		{FC2866CB-D8C3-444B-A70D-9070F30AF9AA}.Release|Any CPU.Build.0 = Release|Any CPU
	EndGlobalSection
	GlobalSection(SolutionProperties) = preSolution
		HideSolutionNode = FALSE
	EndGlobalSection
	GlobalSection(NestedProjects) = preSolution
		{6A01EAF5-9602-49B4-9B9B-9EE7A920E58E} = {15DF7C69-FDC6-4739-A4CD-BB791F13B8CE}
		{8F5D3055-9D47-4FF1-BCA7-36F90869C24F} = {15DF7C69-FDC6-4739-A4CD-BB791F13B8CE}
		{3602207A-4127-44A9-AD4B-AC104855C4E4} = {15DF7C69-FDC6-4739-A4CD-BB791F13B8CE}
		{D721561F-3B99-4B16-9A2F-70E3AF9F4270} = {15DF7C69-FDC6-4739-A4CD-BB791F13B8CE}
		{25ECD8FA-DDD9-486F-9B44-5A67D62320E2} = {15DF7C69-FDC6-4739-A4CD-BB791F13B8CE}
		{E277EC05-8DEB-45AC-9C0C-7CC2C97A016C} = {15DF7C69-FDC6-4739-A4CD-BB791F13B8CE}
		{8C4C79AF-D844-4E08-A103-3EF7591CFC8C} = {15DF7C69-FDC6-4739-A4CD-BB791F13B8CE}
		{E12CE457-3C84-4FB6-8D0E-36E364564243} = {9124588C-DD0A-4DBD-A968-3BF2A8E3BCCC}
		{F0F7DA4B-7556-4F85-BAB5-75FE66013864} = {15DF7C69-FDC6-4739-A4CD-BB791F13B8CE}
		{FC2866CB-D8C3-444B-A70D-9070F30AF9AA} = {15DF7C69-FDC6-4739-A4CD-BB791F13B8CE}
	EndGlobalSection
EndGlobal
