
Microsoft Visual Studio Solution File, Format Version 12.00
# Visual Studio 14
VisualStudioVersion = 14.0.25123.0
MinimumVisualStudioVersion = 10.0.40219.1
Project("{8BB2217D-0F2D-49D1-97BC-3654ED321F3B}") = "RGM.BalancedScorecard.Domain", "RGM.BalancedScorecard.Domain\RGM.BalancedScorecard.Domain.xproj", "{057E7BDE-81D3-419C-BEF2-8888FEBB151B}"
EndProject
Project("{8BB2217D-0F2D-49D1-97BC-3654ED321F3B}") = "RGM.BalancedScorecard.SharedKernel", "RGM.BalancedScorecard.SharedKernel\RGM.BalancedScorecard.SharedKernel.xproj", "{FC3AB4E9-5A5A-42B8-9019-CB317CA9ADF1}"
EndProject
Project("{8BB2217D-0F2D-49D1-97BC-3654ED321F3B}") = "RGM.BalancedScorecard.IoC", "RGM.BalancedScorecard.IoC\RGM.BalancedScorecard.IoC.xproj", "{7428F312-6667-4F94-B673-F21008EA0EED}"
EndProject
Project("{8BB2217D-0F2D-49D1-97BC-3654ED321F3B}") = "RGM.BalancedScorecard.API", "RGM.BalancedScorecard.API\RGM.BalancedScorecard.API.xproj", "{F3C53EF2-E50E-4B90-BA1E-D0BF4B977968}"
EndProject
Project("{8BB2217D-0F2D-49D1-97BC-3654ED321F3B}") = "RGM.BalancedScorecard.Infrastructure.Mongo.Write", "RGM.BalancedScorecard.Infrastructure.Mongo.Write\RGM.BalancedScorecard.Infrastructure.Mongo.Write.xproj", "{6CFDBEBD-8B60-48F8-B029-CE6F0453C9A2}"
EndProject
Project("{2150E333-8FDC-42A3-9474-1A3956D46DE8}") = "src", "src", "{60DC8DB8-4A74-460D-A3B1-5222AB90A68B}"
EndProject
Project("{2150E333-8FDC-42A3-9474-1A3956D46DE8}") = "test", "test", "{68BDE9C2-4042-46BA-A043-8AEAB599B046}"
EndProject
Project("{8BB2217D-0F2D-49D1-97BC-3654ED321F3B}") = "RGM.BalancedScorecard.Domain.Tests", "RGM.BalancedScorecard.Domain.Tests\RGM.BalancedScorecard.Domain.Tests.xproj", "{5F7A6C53-498C-4C4F-B14E-C4C6F908CC0F}"
EndProject
Project("{2150E333-8FDC-42A3-9474-1A3956D46DE8}") = "Solution Items", "Solution Items", "{4804F0BF-5BD9-4E00-8F55-186082FB042B}"
	ProjectSection(SolutionItems) = preProject
		RGM.BalancedScorecard.Infrastructure.Mongo.Write\global.json = RGM.BalancedScorecard.Infrastructure.Mongo.Write\global.json
	EndProjectSection
EndProject
Project("{8BB2217D-0F2D-49D1-97BC-3654ED321F3B}") = "RGM.BalancedScorecard.Infrastructure.Mongo.Read", "RGM.BalancedScorecard.Infrastructure.Mongo.Read\RGM.BalancedScorecard.Infrastructure.Mongo.Read.xproj", "{A18C8481-9014-49B7-9F0F-A39F07418EAC}"
EndProject
Project("{8BB2217D-0F2D-49D1-97BC-3654ED321F3B}") = "RGM.BalancedScorecard.Query", "RGM.BalancedScorecard.Query\RGM.BalancedScorecard.Query.xproj", "{A72556F8-2C2E-4640-8A7B-17964A08BE0E}"
EndProject
Project("{8BB2217D-0F2D-49D1-97BC-3654ED321F3B}") = "RGM.BalancedScorecard.Infrastructure.Automapper", "RGM.BalancedScorecard.Infrastructure.Automapper\RGM.BalancedScorecard.Infrastructure.Automapper.xproj", "{46F48491-B211-4C8A-AD16-DA94D2DE00F4}"
EndProject
Global
	GlobalSection(SolutionConfigurationPlatforms) = preSolution
		Debug|Any CPU = Debug|Any CPU
		Release|Any CPU = Release|Any CPU
	EndGlobalSection
	GlobalSection(ProjectConfigurationPlatforms) = postSolution
		{057E7BDE-81D3-419C-BEF2-8888FEBB151B}.Debug|Any CPU.ActiveCfg = Debug|Any CPU
		{057E7BDE-81D3-419C-BEF2-8888FEBB151B}.Debug|Any CPU.Build.0 = Debug|Any CPU
		{057E7BDE-81D3-419C-BEF2-8888FEBB151B}.Release|Any CPU.ActiveCfg = Release|Any CPU
		{057E7BDE-81D3-419C-BEF2-8888FEBB151B}.Release|Any CPU.Build.0 = Release|Any CPU
		{FC3AB4E9-5A5A-42B8-9019-CB317CA9ADF1}.Debug|Any CPU.ActiveCfg = Debug|Any CPU
		{FC3AB4E9-5A5A-42B8-9019-CB317CA9ADF1}.Debug|Any CPU.Build.0 = Debug|Any CPU
		{FC3AB4E9-5A5A-42B8-9019-CB317CA9ADF1}.Release|Any CPU.ActiveCfg = Release|Any CPU
		{FC3AB4E9-5A5A-42B8-9019-CB317CA9ADF1}.Release|Any CPU.Build.0 = Release|Any CPU
		{7428F312-6667-4F94-B673-F21008EA0EED}.Debug|Any CPU.ActiveCfg = Debug|Any CPU
		{7428F312-6667-4F94-B673-F21008EA0EED}.Debug|Any CPU.Build.0 = Debug|Any CPU
		{7428F312-6667-4F94-B673-F21008EA0EED}.Release|Any CPU.ActiveCfg = Release|Any CPU
		{7428F312-6667-4F94-B673-F21008EA0EED}.Release|Any CPU.Build.0 = Release|Any CPU
		{F3C53EF2-E50E-4B90-BA1E-D0BF4B977968}.Debug|Any CPU.ActiveCfg = Debug|Any CPU
		{F3C53EF2-E50E-4B90-BA1E-D0BF4B977968}.Debug|Any CPU.Build.0 = Debug|Any CPU
		{F3C53EF2-E50E-4B90-BA1E-D0BF4B977968}.Release|Any CPU.ActiveCfg = Release|Any CPU
		{F3C53EF2-E50E-4B90-BA1E-D0BF4B977968}.Release|Any CPU.Build.0 = Release|Any CPU
		{6CFDBEBD-8B60-48F8-B029-CE6F0453C9A2}.Debug|Any CPU.ActiveCfg = Debug|Any CPU
		{6CFDBEBD-8B60-48F8-B029-CE6F0453C9A2}.Debug|Any CPU.Build.0 = Debug|Any CPU
		{6CFDBEBD-8B60-48F8-B029-CE6F0453C9A2}.Release|Any CPU.ActiveCfg = Release|Any CPU
		{6CFDBEBD-8B60-48F8-B029-CE6F0453C9A2}.Release|Any CPU.Build.0 = Release|Any CPU
		{5F7A6C53-498C-4C4F-B14E-C4C6F908CC0F}.Debug|Any CPU.ActiveCfg = Debug|Any CPU
		{5F7A6C53-498C-4C4F-B14E-C4C6F908CC0F}.Debug|Any CPU.Build.0 = Debug|Any CPU
		{5F7A6C53-498C-4C4F-B14E-C4C6F908CC0F}.Release|Any CPU.ActiveCfg = Release|Any CPU
		{5F7A6C53-498C-4C4F-B14E-C4C6F908CC0F}.Release|Any CPU.Build.0 = Release|Any CPU
		{A18C8481-9014-49B7-9F0F-A39F07418EAC}.Debug|Any CPU.ActiveCfg = Debug|Any CPU
		{A18C8481-9014-49B7-9F0F-A39F07418EAC}.Debug|Any CPU.Build.0 = Debug|Any CPU
		{A18C8481-9014-49B7-9F0F-A39F07418EAC}.Release|Any CPU.ActiveCfg = Release|Any CPU
		{A18C8481-9014-49B7-9F0F-A39F07418EAC}.Release|Any CPU.Build.0 = Release|Any CPU
		{A72556F8-2C2E-4640-8A7B-17964A08BE0E}.Debug|Any CPU.ActiveCfg = Debug|Any CPU
		{A72556F8-2C2E-4640-8A7B-17964A08BE0E}.Debug|Any CPU.Build.0 = Debug|Any CPU
		{A72556F8-2C2E-4640-8A7B-17964A08BE0E}.Release|Any CPU.ActiveCfg = Release|Any CPU
		{A72556F8-2C2E-4640-8A7B-17964A08BE0E}.Release|Any CPU.Build.0 = Release|Any CPU
		{46F48491-B211-4C8A-AD16-DA94D2DE00F4}.Debug|Any CPU.ActiveCfg = Debug|Any CPU
		{46F48491-B211-4C8A-AD16-DA94D2DE00F4}.Debug|Any CPU.Build.0 = Debug|Any CPU
		{46F48491-B211-4C8A-AD16-DA94D2DE00F4}.Release|Any CPU.ActiveCfg = Release|Any CPU
		{46F48491-B211-4C8A-AD16-DA94D2DE00F4}.Release|Any CPU.Build.0 = Release|Any CPU
	EndGlobalSection
	GlobalSection(SolutionProperties) = preSolution
		HideSolutionNode = FALSE
	EndGlobalSection
	GlobalSection(NestedProjects) = preSolution
		{057E7BDE-81D3-419C-BEF2-8888FEBB151B} = {60DC8DB8-4A74-460D-A3B1-5222AB90A68B}
		{FC3AB4E9-5A5A-42B8-9019-CB317CA9ADF1} = {60DC8DB8-4A74-460D-A3B1-5222AB90A68B}
		{7428F312-6667-4F94-B673-F21008EA0EED} = {60DC8DB8-4A74-460D-A3B1-5222AB90A68B}
		{F3C53EF2-E50E-4B90-BA1E-D0BF4B977968} = {60DC8DB8-4A74-460D-A3B1-5222AB90A68B}
		{6CFDBEBD-8B60-48F8-B029-CE6F0453C9A2} = {60DC8DB8-4A74-460D-A3B1-5222AB90A68B}
		{5F7A6C53-498C-4C4F-B14E-C4C6F908CC0F} = {68BDE9C2-4042-46BA-A043-8AEAB599B046}
		{A18C8481-9014-49B7-9F0F-A39F07418EAC} = {60DC8DB8-4A74-460D-A3B1-5222AB90A68B}
		{A72556F8-2C2E-4640-8A7B-17964A08BE0E} = {60DC8DB8-4A74-460D-A3B1-5222AB90A68B}
		{46F48491-B211-4C8A-AD16-DA94D2DE00F4} = {60DC8DB8-4A74-460D-A3B1-5222AB90A68B}
	EndGlobalSection
EndGlobal
